
Microsoft Visual Studio Solution File, Format Version 12.00
# Visual Studio Version 17
VisualStudioVersion = 17.1.32328.378
MinimumVisualStudioVersion = 10.0.40219.1
Project("{F184B08F-C81C-45F6-A57F-5ABD9991F28F}") = "ByteBank", "ByteBank\ByteBank.vbproj", "{F158AFD3-74A1-4C38-A0C8-0E23C8BF2188}"
EndProject
Project("{F184B08F-C81C-45F6-A57F-5ABD9991F28F}") = "Exercicios", "Exercicios\Exercicios.vbproj", "{A6865C6F-8EAA-4440-933D-1062D6B7C125}"
EndProject
Global
	GlobalSection(SolutionConfigurationPlatforms) = preSolution
		Debug|Any CPU = Debug|Any CPU
		Release|Any CPU = Release|Any CPU
	EndGlobalSection
	GlobalSection(ProjectConfigurationPlatforms) = postSolution
		{F158AFD3-74A1-4C38-A0C8-0E23C8BF2188}.Debug|Any CPU.ActiveCfg = Debug|Any CPU
		{F158AFD3-74A1-4C38-A0C8-0E23C8BF2188}.Debug|Any CPU.Build.0 = Debug|Any CPU
		{F158AFD3-74A1-4C38-A0C8-0E23C8BF2188}.Release|Any CPU.ActiveCfg = Release|Any CPU
		{F158AFD3-74A1-4C38-A0C8-0E23C8BF2188}.Release|Any CPU.Build.0 = Release|Any CPU
		{A6865C6F-8EAA-4440-933D-1062D6B7C125}.Debug|Any CPU.ActiveCfg = Debug|Any CPU
		{A6865C6F-8EAA-4440-933D-1062D6B7C125}.Debug|Any CPU.Build.0 = Debug|Any CPU
		{A6865C6F-8EAA-4440-933D-1062D6B7C125}.Release|Any CPU.ActiveCfg = Release|Any CPU
		{A6865C6F-8EAA-4440-933D-1062D6B7C125}.Release|Any CPU.Build.0 = Release|Any CPU
	EndGlobalSection
	GlobalSection(SolutionProperties) = preSolution
		HideSolutionNode = FALSE
	EndGlobalSection
	GlobalSection(ExtensibilityGlobals) = postSolution
		SolutionGuid = {667DED62-3B51-464E-87C9-F5B30B68C49A}
	EndGlobalSection
EndGlobal
